
Microsoft Visual Studio Solution File, Format Version 12.00
# Visual Studio Version 17
VisualStudioVersion = 17.9.34728.123
MinimumVisualStudioVersion = 10.0.40219.1
Project("{8BC9CEB8-8B4A-11D0-8D11-00A0C91BC942}") = "string类3", "string类3.vcxproj", "{29D2E47F-40E4-49E8-B629-AD14269407FF}"
EndProject
Global
	GlobalSection(SolutionConfigurationPlatforms) = preSolution
		Debug|x64 = Debug|x64
		Debug|x86 = Debug|x86
		Release|x64 = Release|x64
		Release|x86 = Release|x86
	EndGlobalSection
	GlobalSection(ProjectConfigurationPlatforms) = postSolution
		{29D2E47F-40E4-49E8-B629-AD14269407FF}.Debug|x64.ActiveCfg = Debug|x64
		{29D2E47F-40E4-49E8-B629-AD14269407FF}.Debug|x64.Build.0 = Debug|x64
		{29D2E47F-40E4-49E8-B629-AD14269407FF}.Debug|x86.ActiveCfg = Debug|Win32
		{29D2E47F-40E4-49E8-B629-AD14269407FF}.Debug|x86.Build.0 = Debug|Win32
		{29D2E47F-40E4-49E8-B629-AD14269407FF}.Release|x64.ActiveCfg = Release|x64
		{29D2E47F-40E4-49E8-B629-AD14269407FF}.Release|x64.Build.0 = Release|x64
		{29D2E47F-40E4-49E8-B629-AD14269407FF}.Release|x86.ActiveCfg = Release|Win32
		{29D2E47F-40E4-49E8-B629-AD14269407FF}.Release|x86.Build.0 = Release|Win32
	EndGlobalSection
	GlobalSection(SolutionProperties) = preSolution
		HideSolutionNode = FALSE
	EndGlobalSection
	GlobalSection(ExtensibilityGlobals) = postSolution
		SolutionGuid = {68C610FD-29C3-4925-AC5A-C7672297CE4E}
	EndGlobalSection
EndGlobal
